
Microsoft Visual Studio Solution File, Format Version 12.00
# Visual Studio 2012
Project("{2150E333-8FDC-42A3-9474-1A3956D46DE8}") = "Externals", "Externals", "{4045988E-7298-48C6-83C6-96619CABDFFF}"
EndProject
Project("{8BC9CEB8-8B4A-11D0-8D11-00A0C91BC942}") = "zlib", "zlib\zlib.vcxproj", "{0AA1EE83-8554-47DE-A7CF-544619A3D209}"
EndProject
Project("{8BC9CEB8-8B4A-11D0-8D11-00A0C91BC942}") = "libpng", "libpng\libpng.vcxproj", "{CDE91EF3-9C7A-4EB0-938D-24A726E9E635}"
	ProjectSection(ProjectDependencies) = postProject
		{0AA1EE83-8554-47DE-A7CF-544619A3D209} = {0AA1EE83-8554-47DE-A7CF-544619A3D209}
	EndProjectSection
EndProject
Project("{8BC9CEB8-8B4A-11D0-8D11-00A0C91BC942}") = "jpeg", "jpeg\jpeg.vcxproj", "{FE5E17EF-149F-4760-9D0A-45A855749D17}"
EndProject
Project("{8BC9CEB8-8B4A-11D0-8D11-00A0C91BC942}") = "protobuf", "protobuf\protobuf.vcxproj", "{447A0949-EDB6-4681-8532-EF2FBF25D313}"
EndProject
Project("{8BC9CEB8-8B4A-11D0-8D11-00A0C91BC942}") = "expat", "expat\expat.vcxproj", "{BEDB7DDC-B4A1-4B00-A17D-F8D5130CDADD}"
EndProject
Project("{8BC9CEB8-8B4A-11D0-8D11-00A0C91BC942}") = "freetype", "freetype\freetype.vcxproj", "{8B51F873-C975-4CD1-9BCB-1AB46DCF11AF}"
EndProject
Project("{8BC9CEB8-8B4A-11D0-8D11-00A0C91BC942}") = "giflib", "giflib\giflib.vcxproj", "{E47D2892-ED07-49B7-BA3B-BC9DA99673B5}"
EndProject
Project("{8BC9CEB8-8B4A-11D0-8D11-00A0C91BC942}") = "skia", "skia\skia.vcxproj", "{C8654AC8-B707-45A0-A838-355E247220D8}"
	ProjectSection(ProjectDependencies) = postProject
		{447A0949-EDB6-4681-8532-EF2FBF25D313} = {447A0949-EDB6-4681-8532-EF2FBF25D313}
		{8B51F873-C975-4CD1-9BCB-1AB46DCF11AF} = {8B51F873-C975-4CD1-9BCB-1AB46DCF11AF}
		{E47D2892-ED07-49B7-BA3B-BC9DA99673B5} = {E47D2892-ED07-49B7-BA3B-BC9DA99673B5}
		{BEDB7DDC-B4A1-4B00-A17D-F8D5130CDADD} = {BEDB7DDC-B4A1-4B00-A17D-F8D5130CDADD}
		{E98090E5-46AF-4279-B9DF-F69E62EE5CCE} = {E98090E5-46AF-4279-B9DF-F69E62EE5CCE}
		{FE5E17EF-149F-4760-9D0A-45A855749D17} = {FE5E17EF-149F-4760-9D0A-45A855749D17}
		{CDE91EF3-9C7A-4EB0-938D-24A726E9E635} = {CDE91EF3-9C7A-4EB0-938D-24A726E9E635}
	EndProjectSection
EndProject
Project("{8BC9CEB8-8B4A-11D0-8D11-00A0C91BC942}") = "harfbuzz", "harfbuzz\harfbuzz.vcxproj", "{E98090E5-46AF-4279-B9DF-F69E62EE5CCE}"
EndProject
Project("{8BC9CEB8-8B4A-11D0-8D11-00A0C91BC942}") = "OsmAndCore", "OsmAndCore\OsmAndCore.vcxproj", "{76B6346B-9BCB-4953-9DF7-1D7B07D6952E}"
EndProject
Global
	GlobalSection(SolutionConfigurationPlatforms) = preSolution
		Debug|ARM = Debug|ARM
		Debug|Win32 = Debug|Win32
		Release|ARM = Release|ARM
		Release|Win32 = Release|Win32
	EndGlobalSection
	GlobalSection(ProjectConfigurationPlatforms) = postSolution
		{0AA1EE83-8554-47DE-A7CF-544619A3D209}.Debug|ARM.ActiveCfg = Debug|ARM
		{0AA1EE83-8554-47DE-A7CF-544619A3D209}.Debug|ARM.Build.0 = Debug|ARM
		{0AA1EE83-8554-47DE-A7CF-544619A3D209}.Debug|Win32.ActiveCfg = Debug|Win32
		{0AA1EE83-8554-47DE-A7CF-544619A3D209}.Debug|Win32.Build.0 = Debug|Win32
		{0AA1EE83-8554-47DE-A7CF-544619A3D209}.Release|ARM.ActiveCfg = Release|ARM
		{0AA1EE83-8554-47DE-A7CF-544619A3D209}.Release|ARM.Build.0 = Release|ARM
		{0AA1EE83-8554-47DE-A7CF-544619A3D209}.Release|Win32.ActiveCfg = Release|Win32
		{0AA1EE83-8554-47DE-A7CF-544619A3D209}.Release|Win32.Build.0 = Release|Win32
		{CDE91EF3-9C7A-4EB0-938D-24A726E9E635}.Debug|ARM.ActiveCfg = Debug|ARM
		{CDE91EF3-9C7A-4EB0-938D-24A726E9E635}.Debug|ARM.Build.0 = Debug|ARM
		{CDE91EF3-9C7A-4EB0-938D-24A726E9E635}.Debug|Win32.ActiveCfg = Debug|Win32
		{CDE91EF3-9C7A-4EB0-938D-24A726E9E635}.Debug|Win32.Build.0 = Debug|Win32
		{CDE91EF3-9C7A-4EB0-938D-24A726E9E635}.Release|ARM.ActiveCfg = Release|ARM
		{CDE91EF3-9C7A-4EB0-938D-24A726E9E635}.Release|ARM.Build.0 = Release|ARM
		{CDE91EF3-9C7A-4EB0-938D-24A726E9E635}.Release|Win32.ActiveCfg = Release|Win32
		{CDE91EF3-9C7A-4EB0-938D-24A726E9E635}.Release|Win32.Build.0 = Release|Win32
		{FE5E17EF-149F-4760-9D0A-45A855749D17}.Debug|ARM.ActiveCfg = Debug|ARM
		{FE5E17EF-149F-4760-9D0A-45A855749D17}.Debug|ARM.Build.0 = Debug|ARM
		{FE5E17EF-149F-4760-9D0A-45A855749D17}.Debug|Win32.ActiveCfg = Debug|Win32
		{FE5E17EF-149F-4760-9D0A-45A855749D17}.Debug|Win32.Build.0 = Debug|Win32
		{FE5E17EF-149F-4760-9D0A-45A855749D17}.Release|ARM.ActiveCfg = Release|ARM
		{FE5E17EF-149F-4760-9D0A-45A855749D17}.Release|ARM.Build.0 = Release|ARM
		{FE5E17EF-149F-4760-9D0A-45A855749D17}.Release|Win32.ActiveCfg = Release|Win32
		{FE5E17EF-149F-4760-9D0A-45A855749D17}.Release|Win32.Build.0 = Release|Win32
		{447A0949-EDB6-4681-8532-EF2FBF25D313}.Debug|ARM.ActiveCfg = Debug|ARM
		{447A0949-EDB6-4681-8532-EF2FBF25D313}.Debug|ARM.Build.0 = Debug|ARM
		{447A0949-EDB6-4681-8532-EF2FBF25D313}.Debug|Win32.ActiveCfg = Debug|Win32
		{447A0949-EDB6-4681-8532-EF2FBF25D313}.Debug|Win32.Build.0 = Debug|Win32
		{447A0949-EDB6-4681-8532-EF2FBF25D313}.Release|ARM.ActiveCfg = Release|ARM
		{447A0949-EDB6-4681-8532-EF2FBF25D313}.Release|ARM.Build.0 = Release|ARM
		{447A0949-EDB6-4681-8532-EF2FBF25D313}.Release|Win32.ActiveCfg = Release|Win32
		{447A0949-EDB6-4681-8532-EF2FBF25D313}.Release|Win32.Build.0 = Release|Win32
		{BEDB7DDC-B4A1-4B00-A17D-F8D5130CDADD}.Debug|ARM.ActiveCfg = Debug|ARM
		{BEDB7DDC-B4A1-4B00-A17D-F8D5130CDADD}.Debug|ARM.Build.0 = Debug|ARM
		{BEDB7DDC-B4A1-4B00-A17D-F8D5130CDADD}.Debug|Win32.ActiveCfg = Debug|Win32
		{BEDB7DDC-B4A1-4B00-A17D-F8D5130CDADD}.Debug|Win32.Build.0 = Debug|Win32
		{BEDB7DDC-B4A1-4B00-A17D-F8D5130CDADD}.Release|ARM.ActiveCfg = Release|ARM
		{BEDB7DDC-B4A1-4B00-A17D-F8D5130CDADD}.Release|ARM.Build.0 = Release|ARM
		{BEDB7DDC-B4A1-4B00-A17D-F8D5130CDADD}.Release|Win32.ActiveCfg = Release|Win32
		{BEDB7DDC-B4A1-4B00-A17D-F8D5130CDADD}.Release|Win32.Build.0 = Release|Win32
		{8B51F873-C975-4CD1-9BCB-1AB46DCF11AF}.Debug|ARM.ActiveCfg = Debug|ARM
		{8B51F873-C975-4CD1-9BCB-1AB46DCF11AF}.Debug|ARM.Build.0 = Debug|ARM
		{8B51F873-C975-4CD1-9BCB-1AB46DCF11AF}.Debug|Win32.ActiveCfg = Debug|Win32
		{8B51F873-C975-4CD1-9BCB-1AB46DCF11AF}.Debug|Win32.Build.0 = Debug|Win32
		{8B51F873-C975-4CD1-9BCB-1AB46DCF11AF}.Release|ARM.ActiveCfg = Release|ARM
		{8B51F873-C975-4CD1-9BCB-1AB46DCF11AF}.Release|ARM.Build.0 = Release|ARM
		{8B51F873-C975-4CD1-9BCB-1AB46DCF11AF}.Release|Win32.ActiveCfg = Release|Win32
		{8B51F873-C975-4CD1-9BCB-1AB46DCF11AF}.Release|Win32.Build.0 = Release|Win32
		{E47D2892-ED07-49B7-BA3B-BC9DA99673B5}.Debug|ARM.ActiveCfg = Debug|ARM
		{E47D2892-ED07-49B7-BA3B-BC9DA99673B5}.Debug|ARM.Build.0 = Debug|ARM
		{E47D2892-ED07-49B7-BA3B-BC9DA99673B5}.Debug|Win32.ActiveCfg = Debug|Win32
		{E47D2892-ED07-49B7-BA3B-BC9DA99673B5}.Debug|Win32.Build.0 = Debug|Win32
		{E47D2892-ED07-49B7-BA3B-BC9DA99673B5}.Release|ARM.ActiveCfg = Release|ARM
		{E47D2892-ED07-49B7-BA3B-BC9DA99673B5}.Release|ARM.Build.0 = Release|ARM
		{E47D2892-ED07-49B7-BA3B-BC9DA99673B5}.Release|Win32.ActiveCfg = Release|Win32
		{E47D2892-ED07-49B7-BA3B-BC9DA99673B5}.Release|Win32.Build.0 = Release|Win32
		{C8654AC8-B707-45A0-A838-355E247220D8}.Debug|ARM.ActiveCfg = Debug|ARM
		{C8654AC8-B707-45A0-A838-355E247220D8}.Debug|ARM.Build.0 = Debug|ARM
		{C8654AC8-B707-45A0-A838-355E247220D8}.Debug|Win32.ActiveCfg = Debug|Win32
		{C8654AC8-B707-45A0-A838-355E247220D8}.Debug|Win32.Build.0 = Debug|Win32
		{C8654AC8-B707-45A0-A838-355E247220D8}.Release|ARM.ActiveCfg = Release|ARM
		{C8654AC8-B707-45A0-A838-355E247220D8}.Release|ARM.Build.0 = Release|ARM
		{C8654AC8-B707-45A0-A838-355E247220D8}.Release|Win32.ActiveCfg = Release|Win32
		{C8654AC8-B707-45A0-A838-355E247220D8}.Release|Win32.Build.0 = Release|Win32
		{E98090E5-46AF-4279-B9DF-F69E62EE5CCE}.Debug|ARM.ActiveCfg = Debug|ARM
		{E98090E5-46AF-4279-B9DF-F69E62EE5CCE}.Debug|ARM.Build.0 = Debug|ARM
		{E98090E5-46AF-4279-B9DF-F69E62EE5CCE}.Debug|Win32.ActiveCfg = Debug|Win32
		{E98090E5-46AF-4279-B9DF-F69E62EE5CCE}.Debug|Win32.Build.0 = Debug|Win32
		{E98090E5-46AF-4279-B9DF-F69E62EE5CCE}.Release|ARM.ActiveCfg = Release|ARM
		{E98090E5-46AF-4279-B9DF-F69E62EE5CCE}.Release|ARM.Build.0 = Release|ARM
		{E98090E5-46AF-4279-B9DF-F69E62EE5CCE}.Release|Win32.ActiveCfg = Release|Win32
		{E98090E5-46AF-4279-B9DF-F69E62EE5CCE}.Release|Win32.Build.0 = Release|Win32
		{76B6346B-9BCB-4953-9DF7-1D7B07D6952E}.Debug|ARM.ActiveCfg = Debug|ARM
		{76B6346B-9BCB-4953-9DF7-1D7B07D6952E}.Debug|ARM.Build.0 = Debug|ARM
		{76B6346B-9BCB-4953-9DF7-1D7B07D6952E}.Debug|Win32.ActiveCfg = Debug|Win32
		{76B6346B-9BCB-4953-9DF7-1D7B07D6952E}.Debug|Win32.Build.0 = Debug|Win32
		{76B6346B-9BCB-4953-9DF7-1D7B07D6952E}.Release|ARM.ActiveCfg = Release|ARM
		{76B6346B-9BCB-4953-9DF7-1D7B07D6952E}.Release|ARM.Build.0 = Release|ARM
		{76B6346B-9BCB-4953-9DF7-1D7B07D6952E}.Release|Win32.ActiveCfg = Release|Win32
		{76B6346B-9BCB-4953-9DF7-1D7B07D6952E}.Release|Win32.Build.0 = Release|Win32
	EndGlobalSection
	GlobalSection(SolutionProperties) = preSolution
		HideSolutionNode = FALSE
	EndGlobalSection
	GlobalSection(NestedProjects) = preSolution
		{0AA1EE83-8554-47DE-A7CF-544619A3D209} = {4045988E-7298-48C6-83C6-96619CABDFFF}
		{CDE91EF3-9C7A-4EB0-938D-24A726E9E635} = {4045988E-7298-48C6-83C6-96619CABDFFF}
		{FE5E17EF-149F-4760-9D0A-45A855749D17} = {4045988E-7298-48C6-83C6-96619CABDFFF}
		{447A0949-EDB6-4681-8532-EF2FBF25D313} = {4045988E-7298-48C6-83C6-96619CABDFFF}
		{BEDB7DDC-B4A1-4B00-A17D-F8D5130CDADD} = {4045988E-7298-48C6-83C6-96619CABDFFF}
		{8B51F873-C975-4CD1-9BCB-1AB46DCF11AF} = {4045988E-7298-48C6-83C6-96619CABDFFF}
		{E47D2892-ED07-49B7-BA3B-BC9DA99673B5} = {4045988E-7298-48C6-83C6-96619CABDFFF}
		{C8654AC8-B707-45A0-A838-355E247220D8} = {4045988E-7298-48C6-83C6-96619CABDFFF}
		{E98090E5-46AF-4279-B9DF-F69E62EE5CCE} = {4045988E-7298-48C6-83C6-96619CABDFFF}
	EndGlobalSection
EndGlobal
