<?xml version="1.0" encoding="utf-8"?>
<Project ToolsVersion="4.0" xmlns="http://schemas.microsoft.com/developer/msbuild/2003">
  <ItemGroup>
    <Filter Include="Header Files">
      <UniqueIdentifier>{308a8d37-aa86-4788-98f5-6a03f05bf4ba}</UniqueIdentifier>
    </Filter>
    <Filter Include="Source Files">
      <UniqueIdentifier>{b772c042-b661-4ae8-9a0c-f9d590161e51}</UniqueIdentifier>
    </Filter>
    <Filter Include="Header Files\Data">
      <UniqueIdentifier>{893d726c-c17f-4e50-8d39-dcb7ef0198c1}</UniqueIdentifier>
    </Filter>
    <Filter Include="Source Files\Data">
      <UniqueIdentifier>{3aaacbc2-6c67-49a4-9b08-babd6994daff}</UniqueIdentifier>
    </Filter>
    <Filter Include="Header Files\Data\Model">
      <UniqueIdentifier>{971f34ea-9bc8-4561-bffc-335ae1d02246}</UniqueIdentifier>
    </Filter>
    <Filter Include="Source Files\Data\Model">
      <UniqueIdentifier>{0c24e70c-a1d3-4513-81ce-0c94f735b7e2}</UniqueIdentifier>
    </Filter>
    <Filter Include="Source Files\Map">
      <UniqueIdentifier>{25c2f59a-79f5-4f84-905c-e773d6c72a4b}</UniqueIdentifier>
    </Filter>
    <Filter Include="Header Files\Map">
      <UniqueIdentifier>{6b38bc32-00c1-4eae-b5df-c0a1e4e031a3}</UniqueIdentifier>
    </Filter>
    <Filter Include="Header Files\Routing">
      <UniqueIdentifier>{6a98083b-e6c5-4787-aa32-5f0bd0643150}</UniqueIdentifier>
    </Filter>
    <Filter Include="Source Files\Routing">
      <UniqueIdentifier>{038f3792-2058-4aad-b3ed-fe5638afef90}</UniqueIdentifier>
    </Filter>
  </ItemGroup>
  <ItemGroup>
    <ClInclude Include="src\Map\GPUAPI.h">
      <Filter>Source Files\Map</Filter>
    </ClInclude>
    <ClInclude Include="src\Map\HeightmapTileProvider_P.h">
      <Filter>Source Files\Map</Filter>
    </ClInclude>
    <ClInclude Include="src\Map\MapAnimator_P.h">
      <Filter>Source Files\Map</Filter>
    </ClInclude>
    <ClInclude Include="src\Map\MapRendererResources.h">
      <Filter>Source Files\Map</Filter>
    </ClInclude>
    <ClInclude Include="src\Map\MapStyleEvaluationResult_P.h">
      <Filter>Source Files\Map</Filter>
    </ClInclude>
    <ClInclude Include="src\Map\MapStyleEvaluator_P.h">
      <Filter>Source Files\Map</Filter>
    </ClInclude>
    <ClInclude Include="src\Map\MapStyleRule_P.h">
      <Filter>Source Files\Map</Filter>
    </ClInclude>
    <ClInclude Include="src\Map\OfflineMapDataProvider_P.h">
      <Filter>Source Files\Map</Filter>
    </ClInclude>
    <ClInclude Include="src\Map\OfflineMapDataTile_P.h">
      <Filter>Source Files\Map</Filter>
    </ClInclude>
    <ClInclude Include="src\Map\OfflineMapRasterTileProvider_GPU_P.h">
      <Filter>Source Files\Map</Filter>
    </ClInclude>
    <ClInclude Include="src\Map\OfflineMapRasterTileProvider_Software_P.h">
      <Filter>Source Files\Map</Filter>
    </ClInclude>
    <ClInclude Include="src\Map\OfflineMapSymbolProvider_P.h">
      <Filter>Source Files\Map</Filter>
    </ClInclude>
    <ClInclude Include="src\Map\RasterizerSharedContext_P.h">
      <Filter>Source Files\Map</Filter>
    </ClInclude>
    <ClInclude Include="include\OsmAndCore\Common.h">
      <Filter>Header Files</Filter>
    </ClInclude>
    <ClInclude Include="include\OsmAndCore\CommonTypes.h">
      <Filter>Header Files</Filter>
    </ClInclude>
    <ClInclude Include="include\OsmAndCore\Concurrent.h">
      <Filter>Header Files</Filter>
    </ClInclude>
    <ClInclude Include="include\OsmAndCore\EmbeddedResources.h">
      <Filter>Header Files</Filter>
    </ClInclude>
    <ClInclude Include="include\OsmAndCore\IExternalResourcesProvider.h">
      <Filter>Header Files</Filter>
    </ClInclude>
    <ClInclude Include="include\OsmAndCore\IQueryController.h">
      <Filter>Header Files</Filter>
    </ClInclude>
    <ClInclude Include="include\OsmAndCore\IQueryFilter.h">
      <Filter>Header Files</Filter>
    </ClInclude>
    <ClInclude Include="include\OsmAndCore\LambdaQueryFilter.h">
      <Filter>Header Files</Filter>
    </ClInclude>
    <ClInclude Include="include\OsmAndCore\Logging.h">
      <Filter>Header Files</Filter>
    </ClInclude>
    <ClInclude Include="include\OsmAndCore\Network.h">
      <Filter>Header Files</Filter>
    </ClInclude>
    <ClInclude Include="include\OsmAndCore\PlainQueryFilter.h">
      <Filter>Header Files</Filter>
    </ClInclude>
    <ClInclude Include="include\OsmAndCore\QFileDeviceInputStream.h">
      <Filter>Header Files</Filter>
    </ClInclude>
    <ClInclude Include="include\OsmAndCore\QIODeviceInputStream.h">
      <Filter>Header Files</Filter>
    </ClInclude>
    <ClInclude Include="include\OsmAndCore\QtExtensions.h">
      <Filter>Header Files</Filter>
    </ClInclude>
    <ClInclude Include="include\OsmAndCore\SharedByZoomResourcesContainer.h">
      <Filter>Header Files</Filter>
    </ClInclude>
    <ClInclude Include="include\OsmAndCore\SharedResourcesContainer.h">
      <Filter>Header Files</Filter>
    </ClInclude>
    <ClInclude Include="include\OsmAndCore\stdlib_common.h">
      <Filter>Header Files</Filter>
    </ClInclude>
    <ClInclude Include="include\OsmAndCore\TileDB.h">
      <Filter>Header Files</Filter>
    </ClInclude>
    <ClInclude Include="include\OsmAndCore\TilesCollection.h">
      <Filter>Header Files</Filter>
    </ClInclude>
    <ClInclude Include="include\OsmAndCore\Utilities.h">
      <Filter>Header Files</Filter>
    </ClInclude>
    <ClInclude Include="include\OsmAndCore\Routing\RoutePlanner.h">
      <Filter>Header Files\Routing</Filter>
    </ClInclude>
    <ClInclude Include="include\OsmAndCore\Routing\RoutePlannerContext.h">
      <Filter>Header Files\Routing</Filter>
    </ClInclude>
    <ClInclude Include="include\OsmAndCore\Routing\RouteSegment.h">
      <Filter>Header Files\Routing</Filter>
    </ClInclude>
    <ClInclude Include="include\OsmAndCore\Routing\RoutingConfiguration.h">
      <Filter>Header Files\Routing</Filter>
    </ClInclude>
    <ClInclude Include="include\OsmAndCore\Routing\RoutingProfile.h">
      <Filter>Header Files\Routing</Filter>
    </ClInclude>
    <ClInclude Include="include\OsmAndCore\Routing\RoutingProfileContext.h">
      <Filter>Header Files\Routing</Filter>
    </ClInclude>
    <ClInclude Include="include\OsmAndCore\Routing\RoutingRuleExpression.h">
      <Filter>Header Files\Routing</Filter>
    </ClInclude>
    <ClInclude Include="include\OsmAndCore\Routing\RoutingRuleset.h">
      <Filter>Header Files\Routing</Filter>
    </ClInclude>
    <ClInclude Include="include\OsmAndCore\Routing\RoutingRulesetContext.h">
      <Filter>Header Files\Routing</Filter>
    </ClInclude>
    <ClInclude Include="include\OsmAndCore\Routing\TurnInfo.h">
      <Filter>Header Files\Routing</Filter>
    </ClInclude>
    <ClInclude Include="include\OsmAndCore\Map\HeightmapTileProvider.h">
      <Filter>Header Files\Map</Filter>
    </ClInclude>
    <ClInclude Include="include\OsmAndCore\Map\HillshadeTileProvider.h">
      <Filter>Header Files\Map</Filter>
    </ClInclude>
    <ClInclude Include="include\OsmAndCore\Map\IMapBitmapTileProvider.h">
      <Filter>Header Files\Map</Filter>
    </ClInclude>
    <ClInclude Include="include\OsmAndCore\Map\IMapElevationDataProvider.h">
      <Filter>Header Files\Map</Filter>
    </ClInclude>
    <ClInclude Include="include\OsmAndCore\Map\IMapProvider.h">
      <Filter>Header Files\Map</Filter>
    </ClInclude>
    <ClInclude Include="include\OsmAndCore\Map\IMapRenderer.h">
      <Filter>Header Files\Map</Filter>
    </ClInclude>
    <ClInclude Include="include\OsmAndCore\Map\IMapSymbolProvider.h">
      <Filter>Header Files\Map</Filter>
    </ClInclude>
    <ClInclude Include="include\OsmAndCore\Map\IMapTileProvider.h">
      <Filter>Header Files\Map</Filter>
    </ClInclude>
    <ClInclude Include="include\OsmAndCore\Map\IRetainableResource.h">
      <Filter>Header Files\Map</Filter>
    </ClInclude>
    <ClInclude Include="include\OsmAndCore\Map\MapAnimator.h">
      <Filter>Header Files\Map</Filter>
    </ClInclude>
    <ClInclude Include="include\OsmAndCore\Map\MapRendererConfiguration.h">
      <Filter>Header Files\Map</Filter>
    </ClInclude>
    <ClInclude Include="include\OsmAndCore\Map\MapRendererSetupOptions.h">
      <Filter>Header Files\Map</Filter>
    </ClInclude>
    <ClInclude Include="include\OsmAndCore\Map\MapRendererState.h">
      <Filter>Header Files\Map</Filter>
    </ClInclude>
    <ClInclude Include="include\OsmAndCore\Map\MapRendererTypes.h">
      <Filter>Header Files\Map</Filter>
    </ClInclude>
    <ClInclude Include="include\OsmAndCore\Map\MapStyle.h">
      <Filter>Header Files\Map</Filter>
    </ClInclude>
    <ClInclude Include="include\OsmAndCore\Map\MapStyleBuiltinValueDefinitions.h">
      <Filter>Header Files\Map</Filter>
    </ClInclude>
    <ClInclude Include="include\OsmAndCore\Map\MapStyleBuiltinValueDefinitions_Set.h">
      <Filter>Header Files\Map</Filter>
    </ClInclude>
    <ClInclude Include="include\OsmAndCore\Map\MapStyleConfigurableInputValue.h">
      <Filter>Header Files\Map</Filter>
    </ClInclude>
    <ClInclude Include="include\OsmAndCore\Map\MapStyleEvaluationResult.h">
      <Filter>Header Files\Map</Filter>
    </ClInclude>
    <ClInclude Include="include\OsmAndCore\Map\MapStyleEvaluator.h">
      <Filter>Header Files\Map</Filter>
    </ClInclude>
    <ClInclude Include="include\OsmAndCore\Map\MapStyleRule.h">
      <Filter>Header Files\Map</Filter>
    </ClInclude>
    <ClInclude Include="include\OsmAndCore\Map\MapStyles.h">
      <Filter>Header Files\Map</Filter>
    </ClInclude>
    <ClInclude Include="include\OsmAndCore\Map\MapStyleValue.h">
      <Filter>Header Files\Map</Filter>
    </ClInclude>
    <ClInclude Include="include\OsmAndCore\Map\MapStyleValueDefinition.h">
      <Filter>Header Files\Map</Filter>
    </ClInclude>
    <ClInclude Include="include\OsmAndCore\Map\MapTypes.h">
      <Filter>Header Files\Map</Filter>
    </ClInclude>
    <ClInclude Include="include\OsmAndCore\Map\OfflineMapDataProvider.h">
      <Filter>Header Files\Map</Filter>
    </ClInclude>
    <ClInclude Include="include\OsmAndCore\Map\OfflineMapDataTile.h">
      <Filter>Header Files\Map</Filter>
    </ClInclude>
    <ClInclude Include="include\OsmAndCore\Map\OfflineMapRasterTileProvider_GPU.h">
      <Filter>Header Files\Map</Filter>
    </ClInclude>
    <ClInclude Include="include\OsmAndCore\Map\OfflineMapRasterTileProvider_Software.h">
      <Filter>Header Files\Map</Filter>
    </ClInclude>
    <ClInclude Include="include\OsmAndCore\Map\OfflineMapSymbolProvider.h">
      <Filter>Header Files\Map</Filter>
    </ClInclude>
    <ClInclude Include="include\OsmAndCore\Map\OnlineMapRasterTileProvider.h">
      <Filter>Header Files\Map</Filter>
    </ClInclude>
    <ClInclude Include="include\OsmAndCore\Map\RasterizedSymbol.h">
      <Filter>Header Files\Map</Filter>
    </ClInclude>
    <ClInclude Include="include\OsmAndCore\Map\RasterizedSymbolsGroup.h">
      <Filter>Header Files\Map</Filter>
    </ClInclude>
    <ClInclude Include="include\OsmAndCore\Map\Rasterizer.h">
      <Filter>Header Files\Map</Filter>
    </ClInclude>
    <ClInclude Include="include\OsmAndCore\Map\Rasterizer_Metrics.h">
      <Filter>Header Files\Map</Filter>
    </ClInclude>
    <ClInclude Include="include\OsmAndCore\Map\RasterizerContext.h">
      <Filter>Header Files\Map</Filter>
    </ClInclude>
    <ClInclude Include="include\OsmAndCore\Map\RasterizerEnvironment.h">
      <Filter>Header Files\Map</Filter>
    </ClInclude>
    <ClInclude Include="include\OsmAndCore\Map\RasterizerSharedContext.h">
      <Filter>Header Files\Map</Filter>
    </ClInclude>
    <ClInclude Include="include\OsmAndCore\Data\DataTypes.h">
      <Filter>Header Files\Data</Filter>
    </ClInclude>
    <ClInclude Include="include\OsmAndCore\Data\ObfAddressSectionInfo.h">
      <Filter>Header Files\Data</Filter>
    </ClInclude>
    <ClInclude Include="include\OsmAndCore\Data\ObfAddressSectionReader.h">
      <Filter>Header Files\Data</Filter>
    </ClInclude>
    <ClInclude Include="include\OsmAndCore\Data\ObfDataInterface.h">
      <Filter>Header Files\Data</Filter>
    </ClInclude>
    <ClInclude Include="include\OsmAndCore\Data\ObfFile.h">
      <Filter>Header Files\Data</Filter>
    </ClInclude>
    <ClInclude Include="include\OsmAndCore\Data\ObfInfo.h">
      <Filter>Header Files\Data</Filter>
    </ClInclude>
    <ClInclude Include="include\OsmAndCore\Data\ObfMapSectionInfo.h">
      <Filter>Header Files\Data</Filter>
    </ClInclude>
    <ClInclude Include="include\OsmAndCore\Data\ObfMapSectionReader.h">
      <Filter>Header Files\Data</Filter>
    </ClInclude>
    <ClInclude Include="include\OsmAndCore\Data\ObfMapSectionReader_Metrics.h">
      <Filter>Header Files\Data</Filter>
    </ClInclude>
    <ClInclude Include="include\OsmAndCore\Data\ObfPoiSectionInfo.h">
      <Filter>Header Files\Data</Filter>
    </ClInclude>
    <ClInclude Include="include\OsmAndCore\Data\ObfPoiSectionReader.h">
      <Filter>Header Files\Data</Filter>
    </ClInclude>
    <ClInclude Include="include\OsmAndCore\Data\ObfReader.h">
      <Filter>Header Files\Data</Filter>
    </ClInclude>
    <ClInclude Include="include\OsmAndCore\Data\ObfRoutingSectionInfo.h">
      <Filter>Header Files\Data</Filter>
    </ClInclude>
    <ClInclude Include="include\OsmAndCore\Data\ObfRoutingSectionReader.h">
      <Filter>Header Files\Data</Filter>
    </ClInclude>
    <ClInclude Include="include\OsmAndCore\Data\ObfsCollection.h">
      <Filter>Header Files\Data</Filter>
    </ClInclude>
    <ClInclude Include="include\OsmAndCore\Data\ObfSectionInfo.h">
      <Filter>Header Files\Data</Filter>
    </ClInclude>
    <ClInclude Include="include\OsmAndCore\Data\ObfTransportSectionInfo.h">
      <Filter>Header Files\Data</Filter>
    </ClInclude>
    <ClInclude Include="include\OsmAndCore\Data\ObfTransportSectionReader.h">
      <Filter>Header Files\Data</Filter>
    </ClInclude>
    <ClInclude Include="include\OsmAndCore\Data\Model\Amenity.h">
      <Filter>Header Files\Data\Model</Filter>
    </ClInclude>
    <ClInclude Include="include\OsmAndCore\Data\Model\AmenityCategory.h">
      <Filter>Header Files\Data\Model</Filter>
    </ClInclude>
    <ClInclude Include="include\OsmAndCore\Data\Model\Building.h">
      <Filter>Header Files\Data\Model</Filter>
    </ClInclude>
    <ClInclude Include="include\OsmAndCore\Data\Model\MapObject.h">
      <Filter>Header Files\Data\Model</Filter>
    </ClInclude>
    <ClInclude Include="include\OsmAndCore\Data\Model\PostcodeArea.h">
      <Filter>Header Files\Data\Model</Filter>
    </ClInclude>
    <ClInclude Include="include\OsmAndCore\Data\Model\Road.h">
      <Filter>Header Files\Data\Model</Filter>
    </ClInclude>
    <ClInclude Include="include\OsmAndCore\Data\Model\Settlement.h">
      <Filter>Header Files\Data\Model</Filter>
    </ClInclude>
    <ClInclude Include="include\OsmAndCore\Data\Model\Street.h">
      <Filter>Header Files\Data\Model</Filter>
    </ClInclude>
    <ClInclude Include="include\OsmAndCore\Data\Model\StreetGroup.h">
      <Filter>Header Files\Data\Model</Filter>
    </ClInclude>
    <ClInclude Include="include\OsmAndCore\Data\Model\StreetIntersection.h">
      <Filter>Header Files\Data\Model</Filter>
    </ClInclude>
  </ItemGroup>
  <ItemGroup>
    <ClCompile Include="src\Concurrent.cpp">
      <Filter>Source Files</Filter>
    </ClCompile>
    <ClCompile Include="src\EmbeddedResources.cpp">
      <Filter>Source Files</Filter>
    </ClCompile>
    <ClCompile Include="src\ExplicitReferences.cpp">
      <Filter>Source Files</Filter>
    </ClCompile>
    <ClCompile Include="src\IExternalResourcesProvider.cpp">
      <Filter>Source Files</Filter>
    </ClCompile>
    <ClCompile Include="src\IQueryController.cpp">
      <Filter>Source Files</Filter>
    </ClCompile>
    <ClCompile Include="src\IQueryFilter.cpp">
      <Filter>Source Files</Filter>
    </ClCompile>
    <ClCompile Include="src\LambdaQueryFilter.cpp">
      <Filter>Source Files</Filter>
    </ClCompile>
    <ClCompile Include="src\Logging.cpp">
      <Filter>Source Files</Filter>
    </ClCompile>
    <ClCompile Include="src\Network.cpp">
      <Filter>Source Files</Filter>
    </ClCompile>
    <ClCompile Include="src\OsmAndCore.cpp">
      <Filter>Source Files</Filter>
    </ClCompile>
    <ClCompile Include="src\PlainQueryFilter.cpp">
      <Filter>Source Files</Filter>
    </ClCompile>
    <ClCompile Include="src\QFileDeviceInputStream.cpp">
      <Filter>Source Files</Filter>
    </ClCompile>
    <ClCompile Include="src\QIODeviceInputStream.cpp">
      <Filter>Source Files</Filter>
    </ClCompile>
    <ClCompile Include="src\QMainThreadTaskEvent.cpp">
      <Filter>Source Files</Filter>
    </ClCompile>
    <ClCompile Include="src\QMainThreadTaskHost.cpp">
      <Filter>Source Files</Filter>
    </ClCompile>
    <ClCompile Include="src\TileDB.cpp">
      <Filter>Source Files</Filter>
    </ClCompile>
    <ClCompile Include="src\Utilities.cpp">
      <Filter>Source Files</Filter>
    </ClCompile>
    <ClCompile Include="src\Routing\RoutePlanner.cpp">
      <Filter>Source Files\Routing</Filter>
    </ClCompile>
    <ClCompile Include="src\Routing\RoutePlanner_Analyzer.cpp">
      <Filter>Source Files\Routing</Filter>
    </ClCompile>
    <ClCompile Include="src\Routing\RoutePlannerContext.cpp">
      <Filter>Source Files\Routing</Filter>
    </ClCompile>
    <ClCompile Include="src\Routing\RouteSegment.cpp">
      <Filter>Source Files\Routing</Filter>
    </ClCompile>
    <ClCompile Include="src\Routing\RoutingConfiguration.cpp">
      <Filter>Source Files\Routing</Filter>
    </ClCompile>
    <ClCompile Include="src\Routing\RoutingProfile.cpp">
      <Filter>Source Files\Routing</Filter>
    </ClCompile>
    <ClCompile Include="src\Routing\RoutingProfileContext.cpp">
      <Filter>Source Files\Routing</Filter>
    </ClCompile>
    <ClCompile Include="src\Routing\RoutingRuleExpression.cpp">
      <Filter>Source Files\Routing</Filter>
    </ClCompile>
    <ClCompile Include="src\Routing\RoutingRuleExpression_Operators.cpp">
      <Filter>Source Files\Routing</Filter>
    </ClCompile>
    <ClCompile Include="src\Routing\RoutingRuleset.cpp">
      <Filter>Source Files\Routing</Filter>
    </ClCompile>
    <ClCompile Include="src\Routing\RoutingRulesetContext.cpp">
      <Filter>Source Files\Routing</Filter>
    </ClCompile>
    <ClCompile Include="src\Routing\TurnInfo.cpp">
      <Filter>Source Files\Routing</Filter>
    </ClCompile>
    <ClCompile Include="src\Map\AtlasMapRenderer.cpp">
      <Filter>Source Files\Map</Filter>
    </ClCompile>
    <ClCompile Include="src\Map\GlobeMapRenderer.cpp">
      <Filter>Source Files\Map</Filter>
    </ClCompile>
    <ClCompile Include="src\Map\GPUAPI.cpp">
      <Filter>Source Files\Map</Filter>
    </ClCompile>
    <ClCompile Include="src\Map\HeightmapTileProvider.cpp">
      <Filter>Source Files\Map</Filter>
    </ClCompile>
    <ClCompile Include="src\Map\HeightmapTileProvider_P.cpp">
      <Filter>Source Files\Map</Filter>
    </ClCompile>
    <ClCompile Include="src\Map\HillshadeTileProvider.cpp">
      <Filter>Source Files\Map</Filter>
    </ClCompile>
    <ClCompile Include="src\Map\IMapBitmapTileProvider.cpp">
      <Filter>Source Files\Map</Filter>
    </ClCompile>
    <ClCompile Include="src\Map\IMapElevationDataProvider.cpp">
      <Filter>Source Files\Map</Filter>
    </ClCompile>
    <ClCompile Include="src\Map\IMapProvider.cpp">
      <Filter>Source Files\Map</Filter>
    </ClCompile>
    <ClCompile Include="src\Map\IMapRenderer.cpp">
      <Filter>Source Files\Map</Filter>
    </ClCompile>
    <ClCompile Include="src\Map\IMapSymbolProvider.cpp">
      <Filter>Source Files\Map</Filter>
    </ClCompile>
    <ClCompile Include="src\Map\IMapTileProvider.cpp">
      <Filter>Source Files\Map</Filter>
    </ClCompile>
    <ClCompile Include="src\Map\IRetainableResource.cpp">
      <Filter>Source Files\Map</Filter>
    </ClCompile>
    <ClCompile Include="src\Map\MapAnimator.cpp">
      <Filter>Source Files\Map</Filter>
    </ClCompile>
    <ClCompile Include="src\Map\MapAnimator_P.cpp">
      <Filter>Source Files\Map</Filter>
    </ClCompile>
    <ClCompile Include="src\Map\MapRenderer.cpp">
      <Filter>Source Files\Map</Filter>
    </ClCompile>
    <ClCompile Include="src\Map\MapRendererConfiguration.cpp">
      <Filter>Source Files\Map</Filter>
    </ClCompile>
    <ClCompile Include="src\Map\MapRendererResources.cpp">
      <Filter>Source Files\Map</Filter>
    </ClCompile>
    <ClCompile Include="src\Map\MapRendererSetupOptions.cpp">
      <Filter>Source Files\Map</Filter>
    </ClCompile>
    <ClCompile Include="src\Map\MapRendererState.cpp">
      <Filter>Source Files\Map</Filter>
    </ClCompile>
    <ClCompile Include="src\Map\MapStyle.cpp">
      <Filter>Source Files\Map</Filter>
    </ClCompile>
    <ClCompile Include="src\Map\MapStyle_P.cpp">
      <Filter>Source Files\Map</Filter>
    </ClCompile>
    <ClCompile Include="src\Map\MapStyleBuiltinValueDefinitions.cpp">
      <Filter>Source Files\Map</Filter>
    </ClCompile>
    <ClCompile Include="src\Map\MapStyleConfigurableInputValue.cpp">
      <Filter>Source Files\Map</Filter>
    </ClCompile>
    <ClCompile Include="src\Map\MapStyleEvaluationResult.cpp">
      <Filter>Source Files\Map</Filter>
    </ClCompile>
    <ClCompile Include="src\Map\MapStyleEvaluationResult_P.cpp">
      <Filter>Source Files\Map</Filter>
    </ClCompile>
    <ClCompile Include="src\Map\MapStyleEvaluator.cpp">
      <Filter>Source Files\Map</Filter>
    </ClCompile>
    <ClCompile Include="src\Map\MapStyleEvaluator_P.cpp">
      <Filter>Source Files\Map</Filter>
    </ClCompile>
    <ClCompile Include="src\Map\MapStyleRule.cpp">
      <Filter>Source Files\Map</Filter>
    </ClCompile>
    <ClCompile Include="src\Map\MapStyleRule_P.cpp">
      <Filter>Source Files\Map</Filter>
    </ClCompile>
    <ClCompile Include="src\Map\MapStyles.cpp">
      <Filter>Source Files\Map</Filter>
    </ClCompile>
    <ClCompile Include="src\Map\MapStyles_P.cpp">
      <Filter>Source Files\Map</Filter>
    </ClCompile>
    <ClCompile Include="src\Map\MapStyleValue.cpp">
      <Filter>Source Files\Map</Filter>
    </ClCompile>
    <ClCompile Include="src\Map\MapStyleValueDefinition.cpp">
      <Filter>Source Files\Map</Filter>
    </ClCompile>
    <ClCompile Include="src\Map\OfflineMapDataProvider.cpp">
      <Filter>Source Files\Map</Filter>
    </ClCompile>
    <ClCompile Include="src\Map\OfflineMapDataProvider_P.cpp">
      <Filter>Source Files\Map</Filter>
    </ClCompile>
    <ClCompile Include="src\Map\OfflineMapDataTile.cpp">
      <Filter>Source Files\Map</Filter>
    </ClCompile>
    <ClCompile Include="src\Map\OfflineMapDataTile_P.cpp">
      <Filter>Source Files\Map</Filter>
    </ClCompile>
    <ClCompile Include="src\Map\OfflineMapRasterTileProvider_GPU.cpp">
      <Filter>Source Files\Map</Filter>
    </ClCompile>
    <ClCompile Include="src\Map\OfflineMapRasterTileProvider_GPU_P.cpp">
      <Filter>Source Files\Map</Filter>
    </ClCompile>
    <ClCompile Include="src\Map\OfflineMapRasterTileProvider_Software.cpp">
      <Filter>Source Files\Map</Filter>
    </ClCompile>
    <ClCompile Include="src\Map\OfflineMapRasterTileProvider_Software_P.cpp">
      <Filter>Source Files\Map</Filter>
    </ClCompile>
    <ClCompile Include="src\Map\OfflineMapSymbolProvider.cpp">
      <Filter>Source Files\Map</Filter>
    </ClCompile>
    <ClCompile Include="src\Map\OfflineMapSymbolProvider_P.cpp">
      <Filter>Source Files\Map</Filter>
    </ClCompile>
    <ClCompile Include="src\Map\OnlineMapRasterTileProvider.cpp">
      <Filter>Source Files\Map</Filter>
    </ClCompile>
    <ClCompile Include="src\Map\OnlineMapRasterTileProvider_P.cpp">
      <Filter>Source Files\Map</Filter>
    </ClCompile>
    <ClCompile Include="src\Map\RasterizedSymbol.cpp">
      <Filter>Source Files\Map</Filter>
    </ClCompile>
    <ClCompile Include="src\Map\RasterizedSymbolsGroup.cpp">
      <Filter>Source Files\Map</Filter>
    </ClCompile>
    <ClCompile Include="src\Map\Rasterizer.cpp">
      <Filter>Source Files\Map</Filter>
    </ClCompile>
    <ClCompile Include="src\Map\Rasterizer_P.cpp">
      <Filter>Source Files\Map</Filter>
    </ClCompile>
    <ClCompile Include="src\Map\RasterizerContext.cpp">
      <Filter>Source Files\Map</Filter>
    </ClCompile>
    <ClCompile Include="src\Map\RasterizerContext_P.cpp">
      <Filter>Source Files\Map</Filter>
    </ClCompile>
    <ClCompile Include="src\Map\RasterizerEnvironment.cpp">
      <Filter>Source Files\Map</Filter>
    </ClCompile>
    <ClCompile Include="src\Map\RasterizerEnvironment_P.cpp">
      <Filter>Source Files\Map</Filter>
    </ClCompile>
    <ClCompile Include="src\Map\RasterizerSharedContext.cpp">
      <Filter>Source Files\Map</Filter>
    </ClCompile>
    <ClCompile Include="src\Map\RasterizerSharedContext_P.cpp">
      <Filter>Source Files\Map</Filter>
    </ClCompile>
    <ClCompile Include="src\Data\ObfAddressSectionInfo.cpp">
      <Filter>Source Files\Data</Filter>
    </ClCompile>
    <ClCompile Include="src\Data\ObfAddressSectionReader.cpp">
      <Filter>Source Files\Data</Filter>
    </ClCompile>
    <ClCompile Include="src\Data\ObfAddressSectionReader_P.cpp">
      <Filter>Source Files\Data</Filter>
    </ClCompile>
    <ClCompile Include="src\Data\ObfDataInterface.cpp">
      <Filter>Source Files\Data</Filter>
    </ClCompile>
    <ClCompile Include="src\Data\ObfDataInterface_P.cpp">
      <Filter>Source Files\Data</Filter>
    </ClCompile>
    <ClCompile Include="src\Data\ObfFile.cpp">
      <Filter>Source Files\Data</Filter>
    </ClCompile>
    <ClCompile Include="src\Data\ObfFile_P.cpp">
      <Filter>Source Files\Data</Filter>
    </ClCompile>
    <ClCompile Include="src\Data\ObfInfo.cpp">
      <Filter>Source Files\Data</Filter>
    </ClCompile>
    <ClCompile Include="src\Data\ObfMapSectionInfo.cpp">
      <Filter>Source Files\Data</Filter>
    </ClCompile>
    <ClCompile Include="src\Data\ObfMapSectionInfo_P.cpp">
      <Filter>Source Files\Data</Filter>
    </ClCompile>
    <ClCompile Include="src\Data\ObfMapSectionReader.cpp">
      <Filter>Source Files\Data</Filter>
    </ClCompile>
    <ClCompile Include="src\Data\ObfMapSectionReader_P.cpp">
      <Filter>Source Files\Data</Filter>
    </ClCompile>
    <ClCompile Include="src\Data\ObfPoiSectionInfo.cpp">
      <Filter>Source Files\Data</Filter>
    </ClCompile>
    <ClCompile Include="src\Data\ObfPoiSectionReader.cpp">
      <Filter>Source Files\Data</Filter>
    </ClCompile>
    <ClCompile Include="src\Data\ObfPoiSectionReader_P.cpp">
      <Filter>Source Files\Data</Filter>
    </ClCompile>
    <ClCompile Include="src\Data\ObfReader.cpp">
      <Filter>Source Files\Data</Filter>
    </ClCompile>
    <ClCompile Include="src\Data\ObfReader_P.cpp">
      <Filter>Source Files\Data</Filter>
    </ClCompile>
    <ClCompile Include="src\Data\ObfReaderUtilities.cpp">
      <Filter>Source Files\Data</Filter>
    </ClCompile>
    <ClCompile Include="src\Data\ObfRoutingSectionInfo.cpp">
      <Filter>Source Files\Data</Filter>
    </ClCompile>
    <ClCompile Include="src\Data\ObfRoutingSectionInfo_P.cpp">
      <Filter>Source Files\Data</Filter>
    </ClCompile>
    <ClCompile Include="src\Data\ObfRoutingSectionReader.cpp">
      <Filter>Source Files\Data</Filter>
    </ClCompile>
    <ClCompile Include="src\Data\ObfRoutingSectionReader_P.cpp">
      <Filter>Source Files\Data</Filter>
    </ClCompile>
    <ClCompile Include="src\Data\ObfsCollection.cpp">
      <Filter>Source Files\Data</Filter>
    </ClCompile>
    <ClCompile Include="src\Data\ObfsCollection_P.cpp">
      <Filter>Source Files\Data</Filter>
    </ClCompile>
    <ClCompile Include="src\Data\ObfSectionInfo.cpp">
      <Filter>Source Files\Data</Filter>
    </ClCompile>
    <ClCompile Include="src\Data\ObfTransportSectionInfo.cpp">
      <Filter>Source Files\Data</Filter>
    </ClCompile>
    <ClCompile Include="src\Data\ObfTransportSectionReader.cpp">
      <Filter>Source Files\Data</Filter>
    </ClCompile>
    <ClCompile Include="src\Data\ObfTransportSectionReader_P.cpp">
      <Filter>Source Files\Data</Filter>
    </ClCompile>
    <ClCompile Include="src\Data\Model\Amenity.cpp">
      <Filter>Source Files\Data\Model</Filter>
    </ClCompile>
    <ClCompile Include="src\Data\Model\AmenityCategory.cpp">
      <Filter>Source Files\Data\Model</Filter>
    </ClCompile>
    <ClCompile Include="src\Data\Model\Building.cpp">
      <Filter>Source Files\Data\Model</Filter>
    </ClCompile>
    <ClCompile Include="src\Data\Model\MapObject.cpp">
      <Filter>Source Files\Data\Model</Filter>
    </ClCompile>
    <ClCompile Include="src\Data\Model\PostcodeArea.cpp">
      <Filter>Source Files\Data\Model</Filter>
    </ClCompile>
    <ClCompile Include="src\Data\Model\Road.cpp">
      <Filter>Source Files\Data\Model</Filter>
    </ClCompile>
    <ClCompile Include="src\Data\Model\Settlement.cpp">
      <Filter>Source Files\Data\Model</Filter>
    </ClCompile>
    <ClCompile Include="src\Data\Model\Street.cpp">
      <Filter>Source Files\Data\Model</Filter>
    </ClCompile>
    <ClCompile Include="src\Data\Model\StreetGroup.cpp">
      <Filter>Source Files\Data\Model</Filter>
    </ClCompile>
    <ClCompile Include="src\Data\Model\StreetIntersection.cpp">
      <Filter>Source Files\Data\Model</Filter>
    </ClCompile>
  </ItemGroup>
</Project>