// !$*UTF8*$!
{
	archiveVersion = 1;
	classes = {
	};
	objectVersion = 46;
	objects = {

/* Begin PBXBuildFile section */
		BB2545AC17971E3500E80B58 /* OsmAndCore_ios.package in Sources */ = {isa = PBXBuildFile; fileRef = BB2545AB17971E1E00E80B58 /* OsmAndCore_ios.package */; };
/* End PBXBuildFile section */

/* Begin PBXBuildRule section */
		BB2545A0179714CA00E80B58 /* PBXBuildRule */ = {
			isa = PBXBuildRule;
			compilerSpec = com.apple.compilers.proxy.script;
			filePatterns = "*/OsmAndCore_ios.package";
			fileType = pattern.proxy;
			isEditable = 1;
			outputFiles = (
				libOsmAndCore_static_merged.a,
			);
			script = "#!/bin/bash\n\n# Fail on any error\nset -e\n\nPACKAGE_FILE=${INPUT_FILE_BASE}\nPACKAGE_FILE_PATH=${PROJECT_DIR}/${INPUT_FILE_NAME}\nOUTPUT_FILE_NAME=${SCRIPT_OUTPUT_FILE_0}\nOUTPUT_FILE_PATH=${DERIVED_FILES_DIR}/${OUTPUT_FILE_NAME}\ncpuCores=$(sysctl hw.ncpu | awk '{print $2}')\necho \"Packing '${PACKAGE_FILE}' package to '${OUTPUT_FILE_NAME}' using $cpuCores CPU cores...\"\n\nrm -f \"${OUTPUT_FILE_PATH}\"\nlibraries=()\nwhile read configLine\ndo\n    # Skip comments\n    if [ \"x${configLine:0:1}\" = \"x#\" ]; then\n        continue\n    fi\n\n    # Parse configuration line\n    libConfiguration=$(echo \"$configLine\" | cut -d\":\" -f1)\n    libOutputFilePath=$(echo \"$configLine\" | cut -d\":\" -f2)\n    libMakefilePath=$(echo \"$configLine\" | cut -d\":\" -f3)\n    libMakefileTarget=$(echo \"$configLine\" | cut -d\":\" -f4)\n    libBuildscriptPath=$(echo \"$configLine\" | cut -d\":\" -f5)\n    libBuildscriptArgs=$(echo \"$configLine\" | cut -d\":\" -f6)\n\n    # Skip this library if configuration does not match\n    if [ \"x${libConfiguration}\" != \"x${CONFIGURATION}\" ]; then\n        continue\n    fi\n\n    # If we don't have makefile, we need to run buildscript\n    if [ ! -f \"${PROJECT_DIR}/$libMakefilePath/Makefile\" ]; then\n        \"${PROJECT_DIR}/$libBuildscriptPath\" $libBuildscriptArgs\n    fi\n\n    # Run make anyways to update output\n    (cd \"${PROJECT_DIR}/$libMakefilePath\" && make -j$cpuCores $libMakefileTarget)\n\n    # Collect library path\n    libraries+=(\"${PROJECT_DIR}/$libOutputFilePath\")\ndone < \"${PACKAGE_FILE_PATH}\"\n\n# Create universal binary for specified configuration from collected libraries\necho \"Creating ${OUTPUT_FILE_NAME} from ${#libraries[@]} libraries...\"\nlipo -create -output \"${OUTPUT_FILE_PATH}\" ${libraries[@]}\n\n# Touch our input file to force XCode to \"recompile\" (sets modification time to current + 5s)\ntouch -m \"${PACKAGE_FILE_PATH}\"\ntouch -A 05 -m \"${PACKAGE_FILE_PATH}\"\n";
		};
/* End PBXBuildRule section */

/* Begin PBXCopyFilesBuildPhase section */
		BB11D85E17970FB30028E816 /* CopyFiles */ = {
			isa = PBXCopyFilesBuildPhase;
			buildActionMask = 2147483647;
			dstPath = "include/${PRODUCT_NAME}";
			dstSubfolderSpec = 16;
			files = (
			);
			runOnlyForDeploymentPostprocessing = 0;
		};
/* End PBXCopyFilesBuildPhase section */

/* Begin PBXFileReference section */
		BB11D86017970FB30028E816 /* libOsmAndCore_ios.a */ = {isa = PBXFileReference; explicitFileType = archive.ar; includeInIndex = 0; path = libOsmAndCore_ios.a; sourceTree = BUILT_PRODUCTS_DIR; };
		BB254598179710F900E80B58 /* libOsmAndCore_static.a */ = {isa = PBXFileReference; lastKnownFileType = archive.ar; name = libOsmAndCore_static.a; path = ../binaries/ios/simulator/Release/libOsmAndCore_static.a; sourceTree = "<group>"; };
		BB25459A1797112900E80B58 /* libOsmAndCore_static.a */ = {isa = PBXFileReference; lastKnownFileType = archive.ar; name = libOsmAndCore_static.a; path = ../binaries/ios/simulator/Debug/libOsmAndCore_static.a; sourceTree = "<group>"; };
		BB25459C1797128E00E80B58 /* libOsmAndCore_static.a */ = {isa = PBXFileReference; lastKnownFileType = archive.ar; name = libOsmAndCore_static.a; path = ../binaries/ios/device/Debug/libOsmAndCore_static.a; sourceTree = "<group>"; };
		BB25459E1797143000E80B58 /* libOsmAndCore_static.a */ = {isa = PBXFileReference; lastKnownFileType = archive.ar; name = libOsmAndCore_static.a; path = ../binaries/ios/device/Release/libOsmAndCore_static.a; sourceTree = "<group>"; };
		BB2545AB17971E1E00E80B58 /* OsmAndCore_ios.package */ = {isa = PBXFileReference; fileEncoding = 4; lastKnownFileType = text; path = OsmAndCore_ios.package; sourceTree = "<group>"; };
/* End PBXFileReference section */

/* Begin PBXFrameworksBuildPhase section */
		BB11D85D17970FB30028E816 /* Frameworks */ = {
			isa = PBXFrameworksBuildPhase;
			buildActionMask = 2147483647;
			files = (
			);
			runOnlyForDeploymentPostprocessing = 0;
		};
/* End PBXFrameworksBuildPhase section */

/* Begin PBXGroup section */
		BB11D85717970FB30028E816 = {
			isa = PBXGroup;
			children = (
				BB254593179710AF00E80B58 /* Input */,
				BB11D86117970FB30028E816 /* Output */,
			);
			sourceTree = "<group>";
		};
		BB11D86117970FB30028E816 /* Output */ = {
			isa = PBXGroup;
			children = (
				BB11D86017970FB30028E816 /* libOsmAndCore_ios.a */,
			);
			name = Output;
			sourceTree = "<group>";
		};
		BB254593179710AF00E80B58 /* Input */ = {
			isa = PBXGroup;
			children = (
				BB2545AB17971E1E00E80B58 /* OsmAndCore_ios.package */,
				BB254597179710D100E80B58 /* Device-Release */,
				BB254596179710CA00E80B58 /* Device-Debug */,
				BB254595179710C300E80B58 /* Simulator-Release */,
				BB254594179710B900E80B58 /* Simulator-Debug */,
			);
			name = Input;
			sourceTree = "<group>";
		};
		BB254594179710B900E80B58 /* Simulator-Debug */ = {
			isa = PBXGroup;
			children = (
				BB25459A1797112900E80B58 /* libOsmAndCore_static.a */,
			);
			name = "Simulator-Debug";
			sourceTree = "<group>";
		};
		BB254595179710C300E80B58 /* Simulator-Release */ = {
			isa = PBXGroup;
			children = (
				BB254598179710F900E80B58 /* libOsmAndCore_static.a */,
			);
			name = "Simulator-Release";
			sourceTree = "<group>";
		};
		BB254596179710CA00E80B58 /* Device-Debug */ = {
			isa = PBXGroup;
			children = (
				BB25459C1797128E00E80B58 /* libOsmAndCore_static.a */,
			);
			name = "Device-Debug";
			sourceTree = "<group>";
		};
		BB254597179710D100E80B58 /* Device-Release */ = {
			isa = PBXGroup;
			children = (
				BB25459E1797143000E80B58 /* libOsmAndCore_static.a */,
			);
			name = "Device-Release";
			sourceTree = "<group>";
		};
/* End PBXGroup section */

/* Begin PBXNativeTarget section */
		BB11D85F17970FB30028E816 /* OsmAndCore_ios */ = {
			isa = PBXNativeTarget;
			buildConfigurationList = BB11D86E17970FB30028E816 /* Build configuration list for PBXNativeTarget "OsmAndCore_ios" */;
			buildPhases = (
				BB11D85C17970FB30028E816 /* Sources */,
				BB11D85D17970FB30028E816 /* Frameworks */,
				BB11D85E17970FB30028E816 /* CopyFiles */,
			);
			buildRules = (
				BB2545A0179714CA00E80B58 /* PBXBuildRule */,
			);
			dependencies = (
			);
			name = OsmAndCore_ios;
			productName = OsmAndCore_ios;
			productReference = BB11D86017970FB30028E816 /* libOsmAndCore_ios.a */;
			productType = "com.apple.product-type.library.static";
		};
/* End PBXNativeTarget section */

/* Begin PBXProject section */
		BB11D85817970FB30028E816 /* Project object */ = {
			isa = PBXProject;
			attributes = {
				LastUpgradeCheck = 0460;
				ORGANIZATIONNAME = OsmAnd;
			};
			buildConfigurationList = BB11D85B17970FB30028E816 /* Build configuration list for PBXProject "OsmAndCore_ios" */;
			compatibilityVersion = "Xcode 3.2";
			developmentRegion = English;
			hasScannedForEncodings = 0;
			knownRegions = (
				en,
			);
			mainGroup = BB11D85717970FB30028E816;
			productRefGroup = BB11D86117970FB30028E816 /* Output */;
			projectDirPath = "";
			projectRoot = "";
			targets = (
				BB11D85F17970FB30028E816 /* OsmAndCore_ios */,
			);
		};
/* End PBXProject section */

/* Begin PBXSourcesBuildPhase section */
		BB11D85C17970FB30028E816 /* Sources */ = {
			isa = PBXSourcesBuildPhase;
			buildActionMask = 2147483647;
			files = (
				BB2545AC17971E3500E80B58 /* OsmAndCore_ios.package in Sources */,
			);
			runOnlyForDeploymentPostprocessing = 0;
		};
/* End PBXSourcesBuildPhase section */

/* Begin XCBuildConfiguration section */
		BB11D86C17970FB30028E816 /* Debug */ = {
			isa = XCBuildConfiguration;
			buildSettings = {
				ALWAYS_SEARCH_USER_PATHS = NO;
				CLANG_CXX_LANGUAGE_STANDARD = "gnu++0x";
				CLANG_CXX_LIBRARY = "libc++";
				CLANG_ENABLE_OBJC_ARC = YES;
				CLANG_WARN_CONSTANT_CONVERSION = YES;
				CLANG_WARN_EMPTY_BODY = YES;
				CLANG_WARN_ENUM_CONVERSION = YES;
				CLANG_WARN_INT_CONVERSION = YES;
				CLANG_WARN__DUPLICATE_METHOD_MATCH = YES;
				COPY_PHASE_STRIP = NO;
				GCC_C_LANGUAGE_STANDARD = gnu99;
				GCC_DYNAMIC_NO_PIC = NO;
				GCC_OPTIMIZATION_LEVEL = 0;
				GCC_PREPROCESSOR_DEFINITIONS = (
					"DEBUG=1",
					"$(inherited)",
				);
				GCC_SYMBOLS_PRIVATE_EXTERN = NO;
				GCC_WARN_ABOUT_RETURN_TYPE = YES;
				GCC_WARN_UNINITIALIZED_AUTOS = YES;
				GCC_WARN_UNUSED_VARIABLE = YES;
				IPHONEOS_DEPLOYMENT_TARGET = 6.1;
				ONLY_ACTIVE_ARCH = YES;
				SDKROOT = iphoneos;
			};
			name = Debug;
		};
		BB11D86D17970FB30028E816 /* Release */ = {
			isa = XCBuildConfiguration;
			buildSettings = {
				ALWAYS_SEARCH_USER_PATHS = NO;
				CLANG_CXX_LANGUAGE_STANDARD = "gnu++0x";
				CLANG_CXX_LIBRARY = "libc++";
				CLANG_ENABLE_OBJC_ARC = YES;
				CLANG_WARN_CONSTANT_CONVERSION = YES;
				CLANG_WARN_EMPTY_BODY = YES;
				CLANG_WARN_ENUM_CONVERSION = YES;
				CLANG_WARN_INT_CONVERSION = YES;
				CLANG_WARN__DUPLICATE_METHOD_MATCH = YES;
				COPY_PHASE_STRIP = YES;
				GCC_C_LANGUAGE_STANDARD = gnu99;
				GCC_WARN_ABOUT_RETURN_TYPE = YES;
				GCC_WARN_UNINITIALIZED_AUTOS = YES;
				GCC_WARN_UNUSED_VARIABLE = YES;
				IPHONEOS_DEPLOYMENT_TARGET = 6.1;
				SDKROOT = iphoneos;
				VALIDATE_PRODUCT = YES;
			};
			name = Release;
		};
		BB11D86F17970FB30028E816 /* Debug */ = {
			isa = XCBuildConfiguration;
			buildSettings = {
				DSTROOT = /tmp/OsmAndCore_ios.dst;
				GCC_PRECOMPILE_PREFIX_HEADER = YES;
				GCC_PREFIX_HEADER = "OsmAndCore_ios/OsmAndCore_ios-Prefix.pch";
				LIBRARY_SEARCH_PATHS = (
					"$(inherited)",
					"\"$(SRCROOT)/../binaries/ios/simulator/Release\"",
					"\"$(SRCROOT)/../binaries/ios/simulator/Debug\"",
					"\"$(SRCROOT)/../binaries/ios/device/Debug\"",
					"\"$(SRCROOT)/../binaries/ios/device/Release\"",
					"\"$(SRCROOT)\"",
				);
				OTHER_LDFLAGS = "-ObjC";
				PRODUCT_NAME = "$(TARGET_NAME)";
				SKIP_INSTALL = YES;
			};
			name = Debug;
		};
		BB11D87017970FB30028E816 /* Release */ = {
			isa = XCBuildConfiguration;
			buildSettings = {
				DSTROOT = /tmp/OsmAndCore_ios.dst;
				GCC_PRECOMPILE_PREFIX_HEADER = YES;
				GCC_PREFIX_HEADER = "OsmAndCore_ios/OsmAndCore_ios-Prefix.pch";
				LIBRARY_SEARCH_PATHS = (
					"$(inherited)",
					"\"$(SRCROOT)/../binaries/ios/simulator/Release\"",
					"\"$(SRCROOT)/../binaries/ios/simulator/Debug\"",
					"\"$(SRCROOT)/../binaries/ios/device/Debug\"",
					"\"$(SRCROOT)/../binaries/ios/device/Release\"",
					"\"$(SRCROOT)\"",
				);
				OTHER_LDFLAGS = "-ObjC";
				PRODUCT_NAME = "$(TARGET_NAME)";
				SKIP_INSTALL = YES;
			};
			name = Release;
		};
/* End XCBuildConfiguration section */

/* Begin XCConfigurationList section */
		BB11D85B17970FB30028E816 /* Build configuration list for PBXProject "OsmAndCore_ios" */ = {
			isa = XCConfigurationList;
			buildConfigurations = (
				BB11D86C17970FB30028E816 /* Debug */,
				BB11D86D17970FB30028E816 /* Release */,
			);
			defaultConfigurationIsVisible = 0;
			defaultConfigurationName = Release;
		};
		BB11D86E17970FB30028E816 /* Build configuration list for PBXNativeTarget "OsmAndCore_ios" */ = {
			isa = XCConfigurationList;
			buildConfigurations = (
				BB11D86F17970FB30028E816 /* Debug */,
				BB11D87017970FB30028E816 /* Release */,
			);
			defaultConfigurationIsVisible = 0;
			defaultConfigurationName = Release;
		};
/* End XCConfigurationList section */
	};
	rootObject = BB11D85817970FB30028E816 /* Project object */;
}
